// !$*UTF8*$!
{
	archiveVersion = 1;
	classes = {
	};
	objectVersion = 56;
	objects = {

/* Begin PBXBuildFile section */
		F69D47F52A14AC8400658577 /* AppDelegate.swift in Sources */ = {isa = PBXBuildFile; fileRef = F69D47F42A14AC8400658577 /* AppDelegate.swift */; };
		F69D47F72A14AC8400658577 /* SceneDelegate.swift in Sources */ = {isa = PBXBuildFile; fileRef = F69D47F62A14AC8400658577 /* SceneDelegate.swift */; };
		F69D47F92A14AC8400658577 /* ViewController.swift in Sources */ = {isa = PBXBuildFile; fileRef = F69D47F82A14AC8400658577 /* ViewController.swift */; };
		F69D47FC2A14AC8400658577 /* Main.storyboard in Resources */ = {isa = PBXBuildFile; fileRef = F69D47FA2A14AC8400658577 /* Main.storyboard */; };
		F69D47FE2A14AC8500658577 /* Assets.xcassets in Resources */ = {isa = PBXBuildFile; fileRef = F69D47FD2A14AC8500658577 /* Assets.xcassets */; };
		F69D48012A14AC8500658577 /* LaunchScreen.storyboard in Resources */ = {isa = PBXBuildFile; fileRef = F69D47FF2A14AC8500658577 /* LaunchScreen.storyboard */; };
		F69D480C2A14AC8500658577 /* InShortViewTests.swift in Sources */ = {isa = PBXBuildFile; fileRef = F69D480B2A14AC8500658577 /* InShortViewTests.swift */; };
		F69D48162A14AC8500658577 /* InShortViewUITests.swift in Sources */ = {isa = PBXBuildFile; fileRef = F69D48152A14AC8500658577 /* InShortViewUITests.swift */; };
		F69D48182A14AC8500658577 /* InShortViewUITestsLaunchTests.swift in Sources */ = {isa = PBXBuildFile; fileRef = F69D48172A14AC8500658577 /* InShortViewUITestsLaunchTests.swift */; };
		F69D48262A14B2C800658577 /* InShortCollectionViewCell.swift in Sources */ = {isa = PBXBuildFile; fileRef = F69D48242A14B2C800658577 /* InShortCollectionViewCell.swift */; };
		F69D48272A14B2C800658577 /* InShortCollectionViewCell.xib in Resources */ = {isa = PBXBuildFile; fileRef = F69D48252A14B2C800658577 /* InShortCollectionViewCell.xib */; };
/* End PBXBuildFile section */

/* Begin PBXContainerItemProxy section */
		F69D48082A14AC8500658577 /* PBXContainerItemProxy */ = {
			isa = PBXContainerItemProxy;
			containerPortal = F69D47E92A14AC8400658577 /* Project object */;
			proxyType = 1;
			remoteGlobalIDString = F69D47F02A14AC8400658577;
			remoteInfo = InShortView;
		};
		F69D48122A14AC8500658577 /* PBXContainerItemProxy */ = {
			isa = PBXContainerItemProxy;
			containerPortal = F69D47E92A14AC8400658577 /* Project object */;
			proxyType = 1;
			remoteGlobalIDString = F69D47F02A14AC8400658577;
			remoteInfo = InShortView;
		};
/* End PBXContainerItemProxy section */

/* Begin PBXFileReference section */
		F69D47F12A14AC8400658577 /* InShortView.app */ = {isa = PBXFileReference; explicitFileType = wrapper.application; includeInIndex = 0; path = InShortView.app; sourceTree = BUILT_PRODUCTS_DIR; };
		F69D47F42A14AC8400658577 /* AppDelegate.swift */ = {isa = PBXFileReference; lastKnownFileType = sourcecode.swift; path = AppDelegate.swift; sourceTree = "<group>"; };
		F69D47F62A14AC8400658577 /* SceneDelegate.swift */ = {isa = PBXFileReference; lastKnownFileType = sourcecode.swift; path = SceneDelegate.swift; sourceTree = "<group>"; };
		F69D47F82A14AC8400658577 /* ViewController.swift */ = {isa = PBXFileReference; lastKnownFileType = sourcecode.swift; path = ViewController.swift; sourceTree = "<group>"; };
		F69D47FB2A14AC8400658577 /* Base */ = {isa = PBXFileReference; lastKnownFileType = file.storyboard; name = Base; path = Base.lproj/Main.storyboard; sourceTree = "<group>"; };
		F69D47FD2A14AC8500658577 /* Assets.xcassets */ = {isa = PBXFileReference; lastKnownFileType = folder.assetcatalog; path = Assets.xcassets; sourceTree = "<group>"; };
		F69D48002A14AC8500658577 /* Base */ = {isa = PBXFileReference; lastKnownFileType = file.storyboard; name = Base; path = Base.lproj/LaunchScreen.storyboard; sourceTree = "<group>"; };
		F69D48022A14AC8500658577 /* Info.plist */ = {isa = PBXFileReference; lastKnownFileType = text.plist.xml; path = Info.plist; sourceTree = "<group>"; };
		F69D48072A14AC8500658577 /* InShortViewTests.xctest */ = {isa = PBXFileReference; explicitFileType = wrapper.cfbundle; includeInIndex = 0; path = InShortViewTests.xctest; sourceTree = BUILT_PRODUCTS_DIR; };
		F69D480B2A14AC8500658577 /* InShortViewTests.swift */ = {isa = PBXFileReference; lastKnownFileType = sourcecode.swift; path = InShortViewTests.swift; sourceTree = "<group>"; };
		F69D48112A14AC8500658577 /* InShortViewUITests.xctest */ = {isa = PBXFileReference; explicitFileType = wrapper.cfbundle; includeInIndex = 0; path = InShortViewUITests.xctest; sourceTree = BUILT_PRODUCTS_DIR; };
		F69D48152A14AC8500658577 /* InShortViewUITests.swift */ = {isa = PBXFileReference; lastKnownFileType = sourcecode.swift; path = InShortViewUITests.swift; sourceTree = "<group>"; };
		F69D48172A14AC8500658577 /* InShortViewUITestsLaunchTests.swift */ = {isa = PBXFileReference; lastKnownFileType = sourcecode.swift; path = InShortViewUITestsLaunchTests.swift; sourceTree = "<group>"; };
		F69D48242A14B2C800658577 /* InShortCollectionViewCell.swift */ = {isa = PBXFileReference; lastKnownFileType = sourcecode.swift; path = InShortCollectionViewCell.swift; sourceTree = "<group>"; };
		F69D48252A14B2C800658577 /* InShortCollectionViewCell.xib */ = {isa = PBXFileReference; lastKnownFileType = file.xib; path = InShortCollectionViewCell.xib; sourceTree = "<group>"; };
/* End PBXFileReference section */

/* Begin PBXFrameworksBuildPhase section */
		F69D47EE2A14AC8400658577 /* Frameworks */ = {
			isa = PBXFrameworksBuildPhase;
			buildActionMask = 2147483647;
			files = (
			);
			runOnlyForDeploymentPostprocessing = 0;
		};
		F69D48042A14AC8500658577 /* Frameworks */ = {
			isa = PBXFrameworksBuildPhase;
			buildActionMask = 2147483647;
			files = (
			);
			runOnlyForDeploymentPostprocessing = 0;
		};
		F69D480E2A14AC8500658577 /* Frameworks */ = {
			isa = PBXFrameworksBuildPhase;
			buildActionMask = 2147483647;
			files = (
			);
			runOnlyForDeploymentPostprocessing = 0;
		};
/* End PBXFrameworksBuildPhase section */

/* Begin PBXGroup section */
		F69D47E82A14AC8400658577 = {
			isa = PBXGroup;
			children = (
				F69D47F32A14AC8400658577 /* InShortView */,
				F69D480A2A14AC8500658577 /* InShortViewTests */,
				F69D48142A14AC8500658577 /* InShortViewUITests */,
				F69D47F22A14AC8400658577 /* Products */,
			);
			sourceTree = "<group>";
		};
		F69D47F22A14AC8400658577 /* Products */ = {
			isa = PBXGroup;
			children = (
				F69D47F12A14AC8400658577 /* InShortView.app */,
				F69D48072A14AC8500658577 /* InShortViewTests.xctest */,
				F69D48112A14AC8500658577 /* InShortViewUITests.xctest */,
			);
			name = Products;
			sourceTree = "<group>";
		};
		F69D47F32A14AC8400658577 /* InShortView */ = {
			isa = PBXGroup;
			children = (
				F69D47F42A14AC8400658577 /* AppDelegate.swift */,
				F69D47F62A14AC8400658577 /* SceneDelegate.swift */,
				F69D47F82A14AC8400658577 /* ViewController.swift */,
				F69D47FA2A14AC8400658577 /* Main.storyboard */,
				F69D47FD2A14AC8500658577 /* Assets.xcassets */,
				F69D47FF2A14AC8500658577 /* LaunchScreen.storyboard */,
				F69D48022A14AC8500658577 /* Info.plist */,
				F69D48242A14B2C800658577 /* InShortCollectionViewCell.swift */,
				F69D48252A14B2C800658577 /* InShortCollectionViewCell.xib */,
			);
			path = InShortView;
			sourceTree = "<group>";
		};
		F69D480A2A14AC8500658577 /* InShortViewTests */ = {
			isa = PBXGroup;
			children = (
				F69D480B2A14AC8500658577 /* InShortViewTests.swift */,
			);
			path = InShortViewTests;
			sourceTree = "<group>";
		};
		F69D48142A14AC8500658577 /* InShortViewUITests */ = {
			isa = PBXGroup;
			children = (
				F69D48152A14AC8500658577 /* InShortViewUITests.swift */,
				F69D48172A14AC8500658577 /* InShortViewUITestsLaunchTests.swift */,
			);
			path = InShortViewUITests;
			sourceTree = "<group>";
		};
/* End PBXGroup section */

/* Begin PBXNativeTarget section */
		F69D47F02A14AC8400658577 /* InShortView */ = {
			isa = PBXNativeTarget;
			buildConfigurationList = F69D481B2A14AC8500658577 /* Build configuration list for PBXNativeTarget "InShortView" */;
			buildPhases = (
				F69D47ED2A14AC8400658577 /* Sources */,
				F69D47EE2A14AC8400658577 /* Frameworks */,
				F69D47EF2A14AC8400658577 /* Resources */,
			);
			buildRules = (
			);
			dependencies = (
			);
			name = InShortView;
			productName = InShortView;
			productReference = F69D47F12A14AC8400658577 /* InShortView.app */;
			productType = "com.apple.product-type.application";
		};
		F69D48062A14AC8500658577 /* InShortViewTests */ = {
			isa = PBXNativeTarget;
			buildConfigurationList = F69D481E2A14AC8500658577 /* Build configuration list for PBXNativeTarget "InShortViewTests" */;
			buildPhases = (
				F69D48032A14AC8500658577 /* Sources */,
				F69D48042A14AC8500658577 /* Frameworks */,
				F69D48052A14AC8500658577 /* Resources */,
			);
			buildRules = (
			);
			dependencies = (
				F69D48092A14AC8500658577 /* PBXTargetDependency */,
			);
			name = InShortViewTests;
			productName = InShortViewTests;
			productReference = F69D48072A14AC8500658577 /* InShortViewTests.xctest */;
			productType = "com.apple.product-type.bundle.unit-test";
		};
		F69D48102A14AC8500658577 /* InShortViewUITests */ = {
			isa = PBXNativeTarget;
			buildConfigurationList = F69D48212A14AC8500658577 /* Build configuration list for PBXNativeTarget "InShortViewUITests" */;
			buildPhases = (
				F69D480D2A14AC8500658577 /* Sources */,
				F69D480E2A14AC8500658577 /* Frameworks */,
				F69D480F2A14AC8500658577 /* Resources */,
			);
			buildRules = (
			);
			dependencies = (
				F69D48132A14AC8500658577 /* PBXTargetDependency */,
			);
			name = InShortViewUITests;
			productName = InShortViewUITests;
			productReference = F69D48112A14AC8500658577 /* InShortViewUITests.xctest */;
			productType = "com.apple.product-type.bundle.ui-testing";
		};
/* End PBXNativeTarget section */

/* Begin PBXProject section */
		F69D47E92A14AC8400658577 /* Project object */ = {
			isa = PBXProject;
			attributes = {
				BuildIndependentTargetsInParallel = 1;
				LastSwiftUpdateCheck = 1430;
				LastUpgradeCheck = 1430;
				TargetAttributes = {
					F69D47F02A14AC8400658577 = {
						CreatedOnToolsVersion = 14.3;
					};
					F69D48062A14AC8500658577 = {
						CreatedOnToolsVersion = 14.3;
						TestTargetID = F69D47F02A14AC8400658577;
					};
					F69D48102A14AC8500658577 = {
						CreatedOnToolsVersion = 14.3;
						TestTargetID = F69D47F02A14AC8400658577;
					};
				};
			};
			buildConfigurationList = F69D47EC2A14AC8400658577 /* Build configuration list for PBXProject "InShortView" */;
			compatibilityVersion = "Xcode 14.0";
			developmentRegion = en;
			hasScannedForEncodings = 0;
			knownRegions = (
				en,
				Base,
			);
			mainGroup = F69D47E82A14AC8400658577;
			productRefGroup = F69D47F22A14AC8400658577 /* Products */;
			projectDirPath = "";
			projectRoot = "";
			targets = (
				F69D47F02A14AC8400658577 /* InShortView */,
				F69D48062A14AC8500658577 /* InShortViewTests */,
				F69D48102A14AC8500658577 /* InShortViewUITests */,
			);
		};
/* End PBXProject section */

/* Begin PBXResourcesBuildPhase section */
		F69D47EF2A14AC8400658577 /* Resources */ = {
			isa = PBXResourcesBuildPhase;
			buildActionMask = 2147483647;
			files = (
				F69D48272A14B2C800658577 /* InShortCollectionViewCell.xib in Resources */,
				F69D48012A14AC8500658577 /* LaunchScreen.storyboard in Resources */,
				F69D47FE2A14AC8500658577 /* Assets.xcassets in Resources */,
				F69D47FC2A14AC8400658577 /* Main.storyboard in Resources */,
			);
			runOnlyForDeploymentPostprocessing = 0;
		};
		F69D48052A14AC8500658577 /* Resources */ = {
			isa = PBXResourcesBuildPhase;
			buildActionMask = 2147483647;
			files = (
			);
			runOnlyForDeploymentPostprocessing = 0;
		};
		F69D480F2A14AC8500658577 /* Resources */ = {
			isa = PBXResourcesBuildPhase;
			buildActionMask = 2147483647;
			files = (
			);
			runOnlyForDeploymentPostprocessing = 0;
		};
/* End PBXResourcesBuildPhase section */

/* Begin PBXSourcesBuildPhase section */
		F69D47ED2A14AC8400658577 /* Sources */ = {
			isa = PBXSourcesBuildPhase;
			buildActionMask = 2147483647;
			files = (
				F69D48262A14B2C800658577 /* InShortCollectionViewCell.swift in Sources */,
				F69D47F92A14AC8400658577 /* ViewController.swift in Sources */,
				F69D47F52A14AC8400658577 /* AppDelegate.swift in Sources */,
				F69D47F72A14AC8400658577 /* SceneDelegate.swift in Sources */,
			);
			runOnlyForDeploymentPostprocessing = 0;
		};
		F69D48032A14AC8500658577 /* Sources */ = {
			isa = PBXSourcesBuildPhase;
			buildActionMask = 2147483647;
			files = (
				F69D480C2A14AC8500658577 /* InShortViewTests.swift in Sources */,
			);
			runOnlyForDeploymentPostprocessing = 0;
		};
		F69D480D2A14AC8500658577 /* Sources */ = {
			isa = PBXSourcesBuildPhase;
			buildActionMask = 2147483647;
			files = (
				F69D48162A14AC8500658577 /* InShortViewUITests.swift in Sources */,
				F69D48182A14AC8500658577 /* InShortViewUITestsLaunchTests.swift in Sources */,
			);
			runOnlyForDeploymentPostprocessing = 0;
		};
/* End PBXSourcesBuildPhase section */

/* Begin PBXTargetDependency section */
		F69D48092A14AC8500658577 /* PBXTargetDependency */ = {
			isa = PBXTargetDependency;
			target = F69D47F02A14AC8400658577 /* InShortView */;
			targetProxy = F69D48082A14AC8500658577 /* PBXContainerItemProxy */;
		};
		F69D48132A14AC8500658577 /* PBXTargetDependency */ = {
			isa = PBXTargetDependency;
			target = F69D47F02A14AC8400658577 /* InShortView */;
			targetProxy = F69D48122A14AC8500658577 /* PBXContainerItemProxy */;
		};
/* End PBXTargetDependency section */

/* Begin PBXVariantGroup section */
		F69D47FA2A14AC8400658577 /* Main.storyboard */ = {
			isa = PBXVariantGroup;
			children = (
				F69D47FB2A14AC8400658577 /* Base */,
			);
			name = Main.storyboard;
			sourceTree = "<group>";
		};
		F69D47FF2A14AC8500658577 /* LaunchScreen.storyboard */ = {
			isa = PBXVariantGroup;
			children = (
				F69D48002A14AC8500658577 /* Base */,
			);
			name = LaunchScreen.storyboard;
			sourceTree = "<group>";
		};
/* End PBXVariantGroup section */

/* Begin XCBuildConfiguration section */
		F69D48192A14AC8500658577 /* Debug */ = {
			isa = XCBuildConfiguration;
			buildSettings = {
				ALWAYS_SEARCH_USER_PATHS = NO;
				CLANG_ANALYZER_NONNULL = YES;
				CLANG_ANALYZER_NUMBER_OBJECT_CONVERSION = YES_AGGRESSIVE;
				CLANG_CXX_LANGUAGE_STANDARD = "gnu++20";
				CLANG_ENABLE_MODULES = YES;
				CLANG_ENABLE_OBJC_ARC = YES;
				CLANG_ENABLE_OBJC_WEAK = YES;
				CLANG_WARN_BLOCK_CAPTURE_AUTORELEASING = YES;
				CLANG_WARN_BOOL_CONVERSION = YES;
				CLANG_WARN_COMMA = YES;
				CLANG_WARN_CONSTANT_CONVERSION = YES;
				CLANG_WARN_DEPRECATED_OBJC_IMPLEMENTATIONS = YES;
				CLANG_WARN_DIRECT_OBJC_ISA_USAGE = YES_ERROR;
				CLANG_WARN_DOCUMENTATION_COMMENTS = YES;
				CLANG_WARN_EMPTY_BODY = YES;
				CLANG_WARN_ENUM_CONVERSION = YES;
				CLANG_WARN_INFINITE_RECURSION = YES;
				CLANG_WARN_INT_CONVERSION = YES;
				CLANG_WARN_NON_LITERAL_NULL_CONVERSION = YES;
				CLANG_WARN_OBJC_IMPLICIT_RETAIN_SELF = YES;
				CLANG_WARN_OBJC_LITERAL_CONVERSION = YES;
				CLANG_WARN_OBJC_ROOT_CLASS = YES_ERROR;
				CLANG_WARN_QUOTED_INCLUDE_IN_FRAMEWORK_HEADER = YES;
				CLANG_WARN_RANGE_LOOP_ANALYSIS = YES;
				CLANG_WARN_STRICT_PROTOTYPES = YES;
				CLANG_WARN_SUSPICIOUS_MOVE = YES;
				CLANG_WARN_UNGUARDED_AVAILABILITY = YES_AGGRESSIVE;
				CLANG_WARN_UNREACHABLE_CODE = YES;
				CLANG_WARN__DUPLICATE_METHOD_MATCH = YES;
				COPY_PHASE_STRIP = NO;
				DEBUG_INFORMATION_FORMAT = dwarf;
				ENABLE_STRICT_OBJC_MSGSEND = YES;
				ENABLE_TESTABILITY = YES;
				GCC_C_LANGUAGE_STANDARD = gnu11;
				GCC_DYNAMIC_NO_PIC = NO;
				GCC_NO_COMMON_BLOCKS = YES;
				GCC_OPTIMIZATION_LEVEL = 0;
				GCC_PREPROCESSOR_DEFINITIONS = (
					"DEBUG=1",
					"$(inherited)",
				);
				GCC_WARN_64_TO_32_BIT_CONVERSION = YES;
				GCC_WARN_ABOUT_RETURN_TYPE = YES_ERROR;
				GCC_WARN_UNDECLARED_SELECTOR = YES;
				GCC_WARN_UNINITIALIZED_AUTOS = YES_AGGRESSIVE;
				GCC_WARN_UNUSED_FUNCTION = YES;
				GCC_WARN_UNUSED_VARIABLE = YES;
				IPHONEOS_DEPLOYMENT_TARGET = 16.4;
				MTL_ENABLE_DEBUG_INFO = INCLUDE_SOURCE;
				MTL_FAST_MATH = YES;
				ONLY_ACTIVE_ARCH = YES;
				SDKROOT = iphoneos;
				SWIFT_ACTIVE_COMPILATION_CONDITIONS = DEBUG;
				SWIFT_OPTIMIZATION_LEVEL = "-Onone";
			};
			name = Debug;
		};
		F69D481A2A14AC8500658577 /* Release */ = {
			isa = XCBuildConfiguration;
			buildSettings = {
				ALWAYS_SEARCH_USER_PATHS = NO;
				CLANG_ANALYZER_NONNULL = YES;
				CLANG_ANALYZER_NUMBER_OBJECT_CONVERSION = YES_AGGRESSIVE;
				CLANG_CXX_LANGUAGE_STANDARD = "gnu++20";
				CLANG_ENABLE_MODULES = YES;
				CLANG_ENABLE_OBJC_ARC = YES;
				CLANG_ENABLE_OBJC_WEAK = YES;
				CLANG_WARN_BLOCK_CAPTURE_AUTORELEASING = YES;
				CLANG_WARN_BOOL_CONVERSION = YES;
				CLANG_WARN_COMMA = YES;
				CLANG_WARN_CONSTANT_CONVERSION = YES;
				CLANG_WARN_DEPRECATED_OBJC_IMPLEMENTATIONS = YES;
				CLANG_WARN_DIRECT_OBJC_ISA_USAGE = YES_ERROR;
				CLANG_WARN_DOCUMENTATION_COMMENTS = YES;
				CLANG_WARN_EMPTY_BODY = YES;
				CLANG_WARN_ENUM_CONVERSION = YES;
				CLANG_WARN_INFINITE_RECURSION = YES;
				CLANG_WARN_INT_CONVERSION = YES;
				CLANG_WARN_NON_LITERAL_NULL_CONVERSION = YES;
				CLANG_WARN_OBJC_IMPLICIT_RETAIN_SELF = YES;
				CLANG_WARN_OBJC_LITERAL_CONVERSION = YES;
				CLANG_WARN_OBJC_ROOT_CLASS = YES_ERROR;
				CLANG_WARN_QUOTED_INCLUDE_IN_FRAMEWORK_HEADER = YES;
				CLANG_WARN_RANGE_LOOP_ANALYSIS = YES;
				CLANG_WARN_STRICT_PROTOTYPES = YES;
				CLANG_WARN_SUSPICIOUS_MOVE = YES;
				CLANG_WARN_UNGUARDED_AVAILABILITY = YES_AGGRESSIVE;
				CLANG_WARN_UNREACHABLE_CODE = YES;
				CLANG_WARN__DUPLICATE_METHOD_MATCH = YES;
				COPY_PHASE_STRIP = NO;
				DEBUG_INFORMATION_FORMAT = "dwarf-with-dsym";
				ENABLE_NS_ASSERTIONS = NO;
				ENABLE_STRICT_OBJC_MSGSEND = YES;
				GCC_C_LANGUAGE_STANDARD = gnu11;
				GCC_NO_COMMON_BLOCKS = YES;
				GCC_WARN_64_TO_32_BIT_CONVERSION = YES;
				GCC_WARN_ABOUT_RETURN_TYPE = YES_ERROR;
				GCC_WARN_UNDECLARED_SELECTOR = YES;
				GCC_WARN_UNINITIALIZED_AUTOS = YES_AGGRESSIVE;
				GCC_WARN_UNUSED_FUNCTION = YES;
				GCC_WARN_UNUSED_VARIABLE = YES;
				IPHONEOS_DEPLOYMENT_TARGET = 16.4;
				MTL_ENABLE_DEBUG_INFO = NO;
				MTL_FAST_MATH = YES;
				SDKROOT = iphoneos;
				SWIFT_COMPILATION_MODE = wholemodule;
				SWIFT_OPTIMIZATION_LEVEL = "-O";
				VALIDATE_PRODUCT = YES;
			};
			name = Release;
		};
		F69D481C2A14AC8500658577 /* Debug */ = {
			isa = XCBuildConfiguration;
			buildSettings = {
				ASSETCATALOG_COMPILER_APPICON_NAME = AppIcon;
				ASSETCATALOG_COMPILER_GLOBAL_ACCENT_COLOR_NAME = AccentColor;
				CODE_SIGN_STYLE = Automatic;
				CURRENT_PROJECT_VERSION = 1;
				DEVELOPMENT_TEAM = L99K86BA8Y;
				GENERATE_INFOPLIST_FILE = YES;
				INFOPLIST_FILE = InShortView/Info.plist;
				INFOPLIST_KEY_UIApplicationSupportsIndirectInputEvents = YES;
				INFOPLIST_KEY_UILaunchStoryboardName = LaunchScreen;
				INFOPLIST_KEY_UIMainStoryboardFile = Main;
				INFOPLIST_KEY_UISupportedInterfaceOrientations_iPad = "UIInterfaceOrientationPortrait UIInterfaceOrientationPortraitUpsideDown UIInterfaceOrientationLandscapeLeft UIInterfaceOrientationLandscapeRight";
				INFOPLIST_KEY_UISupportedInterfaceOrientations_iPhone = "UIInterfaceOrientationPortrait UIInterfaceOrientationLandscapeLeft UIInterfaceOrientationLandscapeRight";
				LD_RUNPATH_SEARCH_PATHS = (
					"$(inherited)",
					"@executable_path/Frameworks",
				);
				MARKETING_VERSION = 1.0;
				PRODUCT_BUNDLE_IDENTIFIER = com.prac.InShortView;
				PRODUCT_NAME = "$(TARGET_NAME)";
				SWIFT_EMIT_LOC_STRINGS = YES;
				SWIFT_VERSION = 5.0;
				TARGETED_DEVICE_FAMILY = "1,2";
			};
			name = Debug;
		};
		F69D481D2A14AC8500658577 /* Release */ = {
			isa = XCBuildConfiguration;
			buildSettings = {
				ASSETCATALOG_COMPILER_APPICON_NAME = AppIcon;
				ASSETCATALOG_COMPILER_GLOBAL_ACCENT_COLOR_NAME = AccentColor;
				CODE_SIGN_STYLE = Automatic;
				CURRENT_PROJECT_VERSION = 1;
				DEVELOPMENT_TEAM = L99K86BA8Y;
				GENERATE_INFOPLIST_FILE = YES;
				INFOPLIST_FILE = InShortView/Info.plist;
				INFOPLIST_KEY_UIApplicationSupportsIndirectInputEvents = YES;
				INFOPLIST_KEY_UILaunchStoryboardName = LaunchScreen;
				INFOPLIST_KEY_UIMainStoryboardFile = Main;
				INFOPLIST_KEY_UISupportedInterfaceOrientations_iPad = "UIInterfaceOrientationPortrait UIInterfaceOrientationPortraitUpsideDown UIInterfaceOrientationLandscapeLeft UIInterfaceOrientationLandscapeRight";
				INFOPLIST_KEY_UISupportedInterfaceOrientations_iPhone = "UIInterfaceOrientationPortrait UIInterfaceOrientationLandscapeLeft UIInterfaceOrientationLandscapeRight";
				LD_RUNPATH_SEARCH_PATHS = (
					"$(inherited)",
					"@executable_path/Frameworks",
				);
				MARKETING_VERSION = 1.0;
				PRODUCT_BUNDLE_IDENTIFIER = com.prac.InShortView;
				PRODUCT_NAME = "$(TARGET_NAME)";
				SWIFT_EMIT_LOC_STRINGS = YES;
				SWIFT_VERSION = 5.0;
				TARGETED_DEVICE_FAMILY = "1,2";
			};
			name = Release;
		};
		F69D481F2A14AC8500658577 /* Debug */ = {
			isa = XCBuildConfiguration;
			buildSettings = {
				ALWAYS_EMBED_SWIFT_STANDARD_LIBRARIES = YES;
				BUNDLE_LOADER = "$(TEST_HOST)";
				CODE_SIGN_STYLE = Automatic;
				CURRENT_PROJECT_VERSION = 1;
				DEVELOPMENT_TEAM = L99K86BA8Y;
				GENERATE_INFOPLIST_FILE = YES;
				IPHONEOS_DEPLOYMENT_TARGET = 16.4;
				MARKETING_VERSION = 1.0;
				PRODUCT_BUNDLE_IDENTIFIER = com.prac.InShortViewTests;
				PRODUCT_NAME = "$(TARGET_NAME)";
				SWIFT_EMIT_LOC_STRINGS = NO;
				SWIFT_VERSION = 5.0;
				TARGETED_DEVICE_FAMILY = "1,2";
				TEST_HOST = "$(BUILT_PRODUCTS_DIR)/InShortView.app/$(BUNDLE_EXECUTABLE_FOLDER_PATH)/InShortView";
			};
			name = Debug;
		};
		F69D48202A14AC8500658577 /* Release */ = {
			isa = XCBuildConfiguration;
			buildSettings = {
				ALWAYS_EMBED_SWIFT_STANDARD_LIBRARIES = YES;
				BUNDLE_LOADER = "$(TEST_HOST)";
				CODE_SIGN_STYLE = Automatic;
				CURRENT_PROJECT_VERSION = 1;
				DEVELOPMENT_TEAM = L99K86BA8Y;
				GENERATE_INFOPLIST_FILE = YES;
				IPHONEOS_DEPLOYMENT_TARGET = 16.4;
				MARKETING_VERSION = 1.0;
				PRODUCT_BUNDLE_IDENTIFIER = com.prac.InShortViewTests;
				PRODUCT_NAME = "$(TARGET_NAME)";
				SWIFT_EMIT_LOC_STRINGS = NO;
				SWIFT_VERSION = 5.0;
				TARGETED_DEVICE_FAMILY = "1,2";
				TEST_HOST = "$(BUILT_PRODUCTS_DIR)/InShortView.app/$(BUNDLE_EXECUTABLE_FOLDER_PATH)/InShortView";
			};
			name = Release;
		};
		F69D48222A14AC8500658577 /* Debug */ = {
			isa = XCBuildConfiguration;
			buildSettings = {
				ALWAYS_EMBED_SWIFT_STANDARD_LIBRARIES = YES;
				CODE_SIGN_STYLE = Automatic;
				CURRENT_PROJECT_VERSION = 1;
				DEVELOPMENT_TEAM = L99K86BA8Y;
				GENERATE_INFOPLIST_FILE = YES;
				MARKETING_VERSION = 1.0;
				PRODUCT_BUNDLE_IDENTIFIER = com.prac.InShortViewUITests;
				PRODUCT_NAME = "$(TARGET_NAME)";
				SWIFT_EMIT_LOC_STRINGS = NO;
				SWIFT_VERSION = 5.0;
				TARGETED_DEVICE_FAMILY = "1,2";
				TEST_TARGET_NAME = InShortView;
			};
			name = Debug;
		};
		F69D48232A14AC8500658577 /* Release */ = {
			isa = XCBuildConfiguration;
			buildSettings = {
				ALWAYS_EMBED_SWIFT_STANDARD_LIBRARIES = YES;
				CODE_SIGN_STYLE = Automatic;
				CURRENT_PROJECT_VERSION = 1;
				DEVELOPMENT_TEAM = L99K86BA8Y;
				GENERATE_INFOPLIST_FILE = YES;
				MARKETING_VERSION = 1.0;
				PRODUCT_BUNDLE_IDENTIFIER = com.prac.InShortViewUITests;
				PRODUCT_NAME = "$(TARGET_NAME)";
				SWIFT_EMIT_LOC_STRINGS = NO;
				SWIFT_VERSION = 5.0;
				TARGETED_DEVICE_FAMILY = "1,2";
				TEST_TARGET_NAME = InShortView;
			};
			name = Release;
		};
/* End XCBuildConfiguration section */

/* Begin XCConfigurationList section */
		F69D47EC2A14AC8400658577 /* Build configuration list for PBXProject "InShortView" */ = {
			isa = XCConfigurationList;
			buildConfigurations = (
				F69D48192A14AC8500658577 /* Debug */,
				F69D481A2A14AC8500658577 /* Release */,
			);
			defaultConfigurationIsVisible = 0;
			defaultConfigurationName = Release;
		};
		F69D481B2A14AC8500658577 /* Build configuration list for PBXNativeTarget "InShortView" */ = {
			isa = XCConfigurationList;
			buildConfigurations = (
				F69D481C2A14AC8500658577 /* Debug */,
				F69D481D2A14AC8500658577 /* Release */,
			);
			defaultConfigurationIsVisible = 0;
			defaultConfigurationName = Release;
		};
		F69D481E2A14AC8500658577 /* Build configuration list for PBXNativeTarget "InShortViewTests" */ = {
			isa = XCConfigurationList;
			buildConfigurations = (
				F69D481F2A14AC8500658577 /* Debug */,
				F69D48202A14AC8500658577 /* Release */,
			);
			defaultConfigurationIsVisible = 0;
			defaultConfigurationName = Release;
		};
		F69D48212A14AC8500658577 /* Build configuration list for PBXNativeTarget "InShortViewUITests" */ = {
			isa = XCConfigurationList;
			buildConfigurations = (
				F69D48222A14AC8500658577 /* Debug */,
				F69D48232A14AC8500658577 /* Release */,
			);
			defaultConfigurationIsVisible = 0;
			defaultConfigurationName = Release;
		};
/* End XCConfigurationList section */
	};
	rootObject = F69D47E92A14AC8400658577 /* Project object */;
}
